
Microsoft Visual Studio Solution File, Format Version 12.00
# Visual Studio Version 17
VisualStudioVersion = 17.5.33516.290
MinimumVisualStudioVersion = 10.0.40219.1
Project("{9A19103F-16F7-4668-BE54-9A1E7A4F7556}") = "casestudy02", "casestudy02.csproj", "{274C7C49-6F55-4B2D-BA53-B93F858388C5}"
EndProject
Project("{E53339B2-1760-4266-BCC7-CA923CBCF16C}") = "docker-compose", "docker-compose.dcproj", "{2B9E51EC-EB46-47BA-8E10-3740FCAD26B8}"
EndProject
Global
	GlobalSection(SolutionConfigurationPlatforms) = preSolution
		Debug|Any CPU = Debug|Any CPU
		Release|Any CPU = Release|Any CPU
	EndGlobalSection
	GlobalSection(ProjectConfigurationPlatforms) = postSolution
		{274C7C49-6F55-4B2D-BA53-B93F858388C5}.Debug|Any CPU.ActiveCfg = Debug|Any CPU
		{274C7C49-6F55-4B2D-BA53-B93F858388C5}.Debug|Any CPU.Build.0 = Debug|Any CPU
		{274C7C49-6F55-4B2D-BA53-B93F858388C5}.Release|Any CPU.ActiveCfg = Release|Any CPU
		{274C7C49-6F55-4B2D-BA53-B93F858388C5}.Release|Any CPU.Build.0 = Release|Any CPU
		{2B9E51EC-EB46-47BA-8E10-3740FCAD26B8}.Debug|Any CPU.ActiveCfg = Debug|Any CPU
		{2B9E51EC-EB46-47BA-8E10-3740FCAD26B8}.Debug|Any CPU.Build.0 = Debug|Any CPU
		{2B9E51EC-EB46-47BA-8E10-3740FCAD26B8}.Release|Any CPU.ActiveCfg = Release|Any CPU
		{2B9E51EC-EB46-47BA-8E10-3740FCAD26B8}.Release|Any CPU.Build.0 = Release|Any CPU
	EndGlobalSection
	GlobalSection(SolutionProperties) = preSolution
		HideSolutionNode = FALSE
	EndGlobalSection
	GlobalSection(ExtensibilityGlobals) = postSolution
		SolutionGuid = {796E2371-A5E8-48B6-82E9-F094CB0910E3}
	EndGlobalSection
EndGlobal
